# THIS IS AN AUTOGENERATED FILE. DO NOT EDIT THIS FILE DIRECTLY.
# yarn lockfile v1


ansi-regex@^5.0.1:
  version "5.0.1"
  resolved "https://registry.yarnpkg.com/ansi-regex/-/ansi-regex-5.0.1.tgz#082cb2c89c9fe8659a311a53bd6a4dc5301db304"
  integrity sha512-quJQXlTSUGL2LH9SUXo8VwsY4soanhgo6LNSm84E1LBcE8s3O0wpdiRzyR9z/ZZJMlMWv37qOOb9pdJlMUEKFQ==

cli-progress@^3.9.1:
  version "3.9.1"
  resolved "https://registry.yarnpkg.com/cli-progress/-/cli-progress-3.9.1.tgz#a22eba6a20f53289fdd05d5ee8cb2cc8c28f866e"
  integrity sha512-AXxiCe2a0Lm0VN+9L0jzmfQSkcZm5EYspfqXKaSIQKqIk+0hnkZ3/v1E9B39mkD6vYhKih3c/RPsJBSwq9O99Q==
  dependencies:
    colors "^1.1.2"
    string-width "^4.2.0"

colors@^1.1.2:
  version "1.4.0"
  resolved "https://registry.yarnpkg.com/colors/-/colors-1.4.0.tgz#c50491479d4c1bdaed2c9ced32cf7c7dc2360f78"
  integrity sha512-a+UqTh4kgZg/SlGvfbzDHpgRu7AAQOmmqRHJnxhRZICKFUT91brVhNNt58CMWU9PsBbv3PDCZUHbVxuDiH2mtA==

emoji-regex@^8.0.0:
  version "8.0.0"
  resolved "https://registry.yarnpkg.com/emoji-regex/-/emoji-regex-8.0.0.tgz#e818fd69ce5ccfcb404594f842963bf53164cc37"
  integrity sha512-MSjYzcWNOA0ewAHpz0MxpYFvwg6yjy1NG3xteoqz644VCo/RPgnr1/GGt+ic3iJTzQ8Eu3TdM14SawnVUmGE6A==

get-urls-to-array@^1.0.0:
  version "1.0.0"
  resolved "https://registry.yarnpkg.com/get-urls-to-array/-/get-urls-to-array-1.0.0.tgz#562aa774716c878476023c288e915e7e38b094d7"
  integrity sha512-yhy8NmBfPBrMAXnQSnDCCb01L3IgEHE91DWQ7BFo5lPKdvPEfWRbzrWlq8qazWT3f0HmjhAfFfvqWxmFceJ9+A==
  dependencies:
    normalize-url "^1.3.0"
    url-regex "^4.0.0"

ip-regex@^1.0.1:
  version "1.0.3"
  resolved "https://registry.yarnpkg.com/ip-regex/-/ip-regex-1.0.3.tgz#dc589076f659f419c222039a33316f1c7387effd"
  integrity sha1-3FiQdvZZ9BnCIgOaMzFvHHOH7/0=

is-fullwidth-code-point@^3.0.0:
  version "3.0.0"
  resolved "https://registry.yarnpkg.com/is-fullwidth-code-point/-/is-fullwidth-code-point-3.0.0.tgz#f116f8064fe90b3f7844a38997c0b75051269f1d"
  integrity sha512-zymm5+u+sCsSWyD9qNaejV3DFvhCKclKdizYaJUuHA83RLjb7nSuGnddCHGv0hk+KY7BMAlsWeK4Ueg6EV6XQg==

is-plain-obj@^1.0.0:
  version "1.1.0"
  resolved "https://registry.yarnpkg.com/is-plain-obj/-/is-plain-obj-1.1.0.tgz#71a50c8429dfca773c92a390a4a03b39fcd51d3e"
  integrity sha1-caUMhCnfync8kqOQpKA7OfzVHT4=

node-fetch@^2.6.6:
  version "2.6.6"
  resolved "https://registry.yarnpkg.com/node-fetch/-/node-fetch-2.6.6.tgz#1751a7c01834e8e1697758732e9efb6eeadfaf89"
  integrity sha512-Z8/6vRlTUChSdIgMa51jxQ4lrw/Jy5SOW10ObaA47/RElsAN2c5Pn8bTgFGWn/ibwzXTE8qwr1Yzx28vsecXEA==
  dependencies:
    whatwg-url "^5.0.0"

normalize-url@^1.3.0:
  version "1.9.1"
  resolved "https://registry.yarnpkg.com/normalize-url/-/normalize-url-1.9.1.tgz#2cc0d66b31ea23036458436e3620d85954c66c3c"
  integrity sha1-LMDWazHqIwNkWENuNiDYWVTGbDw=
  dependencies:
    object-assign "^4.0.1"
    prepend-http "^1.0.0"
    query-string "^4.1.0"
    sort-keys "^1.0.0"

object-assign@^4.0.1, object-assign@^4.1.0:
  version "4.1.1"
  resolved "https://registry.yarnpkg.com/object-assign/-/object-assign-4.1.1.tgz#2109adc7965887cfc05cbbd442cac8bfbb360863"
  integrity sha1-IQmtx5ZYh8/AXLvUQsrIv7s2CGM=

prepend-http@^1.0.0:
  version "1.0.4"
  resolved "https://registry.yarnpkg.com/prepend-http/-/prepend-http-1.0.4.tgz#d4f4562b0ce3696e41ac52d0e002e57a635dc6dc"
  integrity sha1-1PRWKwzjaW5BrFLQ4ALlemNdxtw=

query-string@^4.1.0:
  version "4.3.4"
  resolved "https://registry.yarnpkg.com/query-string/-/query-string-4.3.4.tgz#bbb693b9ca915c232515b228b1a02b609043dbeb"
  integrity sha1-u7aTucqRXCMlFbIosaArYJBD2+s=
  dependencies:
    object-assign "^4.1.0"
    strict-uri-encode "^1.0.0"

sort-keys@^1.0.0:
  version "1.1.2"
  resolved "https://registry.yarnpkg.com/sort-keys/-/sort-keys-1.1.2.tgz#441b6d4d346798f1b4e49e8920adfba0e543f9ad"
  integrity sha1-RBttTTRnmPG05J6JIK37oOVD+a0=
  dependencies:
    is-plain-obj "^1.0.0"

strict-uri-encode@^1.0.0:
  version "1.1.0"
  resolved "https://registry.yarnpkg.com/strict-uri-encode/-/strict-uri-encode-1.1.0.tgz#279b225df1d582b1f54e65addd4352e18faa0713"
  integrity sha1-J5siXfHVgrH1TmWt3UNS4Y+qBxM=

string-width@^4.2.0:
  version "4.2.3"
  resolved "https://registry.yarnpkg.com/string-width/-/string-width-4.2.3.tgz#269c7117d27b05ad2e536830a8ec895ef9c6d010"
  integrity sha512-wKyQRQpjJ0sIp62ErSZdGsjMJWsap5oRNihHhu6G7JVO/9jIB6UyevL+tXuOqrng8j/cxKTWyWUwvSTriiZz/g==
  dependencies:
    emoji-regex "^8.0.0"
    is-fullwidth-code-point "^3.0.0"
    strip-ansi "^6.0.1"

strip-ansi@^6.0.1:
  version "6.0.1"
  resolved "https://registry.yarnpkg.com/strip-ansi/-/strip-ansi-6.0.1.tgz#9e26c63d30f53443e9489495b2105d37b67a85d9"
  integrity sha512-Y38VPSHcqkFrCpFnQ9vuSXmquuv5oXOKpGeT6aGrr3o3Gc9AlVa6JBfUSOCnbxGGZF+/0ooI7KrPuUSztUdU5A==
  dependencies:
    ansi-regex "^5.0.1"

tlds@^1.187.0:
  version "1.226.0"
  resolved "https://registry.yarnpkg.com/tlds/-/tlds-1.226.0.tgz#a20d4260141b0f76dccb736103ba1ec1c841afd2"
  integrity sha512-8zUqBmpXX573ZrvqfL1pDYcnKq/12IROcipqmSSgj5ro/KvyPUnpsXAIAojpgNchVo5LXJwlV0anZGL1l1vr9Q==

tr46@~0.0.3:
  version "0.0.3"
  resolved "https://registry.yarnpkg.com/tr46/-/tr46-0.0.3.tgz#8184fd347dac9cdc185992f3a6622e14b9d9ab6a"
  integrity sha1-gYT9NH2snNwYWZLzpmIuFLnZq2o=

url-regex@^4.0.0:
  version "4.1.1"
  resolved "https://registry.yarnpkg.com/url-regex/-/url-regex-4.1.1.tgz#a5617b22e15e26dac57ce74c3f52088bcdfec995"
  integrity sha512-ViSDgDPNKkrQHI81GLCjdDN+Rsk3tAW/uLXlBOJxtcHzWZjta58Z0APXhfXzS89YszsheMnEvXeDXsWUB53wwA==
  dependencies:
    ip-regex "^1.0.1"
    tlds "^1.187.0"

webidl-conversions@^3.0.0:
  version "3.0.1"
  resolved "https://registry.yarnpkg.com/webidl-conversions/-/webidl-conversions-3.0.1.tgz#24534275e2a7bc6be7bc86611cc16ae0a5654871"
  integrity sha1-JFNCdeKnvGvnvIZhHMFq4KVlSHE=

whatwg-url@^5.0.0:
  version "5.0.0"
  resolved "https://registry.yarnpkg.com/whatwg-url/-/whatwg-url-5.0.0.tgz#966454e8765462e37644d3626f6742ce8b70965d"
  integrity sha1-lmRU6HZUYuN2RNNib2dCzotwll0=
  dependencies:
    tr46 "~0.0.3"
    webidl-conversions "^3.0.0"
